// !$*UTF8*$!
{
	archiveVersion = 1;
	classes = {
	};
	objectVersion = 52;
	objects = {

/* Begin PBXBuildFile section */
		2B9406A424143AA000BE7E87 /* GoogleService-Info.plist in Resources */ = {isa = PBXBuildFile; fileRef = 2B9406A324143AA000BE7E87 /* GoogleService-Info.plist */; };
		2BFF0B5623F662AC00B89026 /* AppDelegate.swift in Sources */ = {isa = PBXBuildFile; fileRef = 2BFF0B5523F662AC00B89026 /* AppDelegate.swift */; };
		2BFF0B5823F662AC00B89026 /* SceneDelegate.swift in Sources */ = {isa = PBXBuildFile; fileRef = 2BFF0B5723F662AC00B89026 /* SceneDelegate.swift */; };
		2BFF0B5A23F662AC00B89026 /* AccountViewController.swift in Sources */ = {isa = PBXBuildFile; fileRef = 2BFF0B5923F662AC00B89026 /* AccountViewController.swift */; };
		2BFF0B5C23F662AC00B89026 /* ShopViewController.swift in Sources */ = {isa = PBXBuildFile; fileRef = 2BFF0B5B23F662AC00B89026 /* ShopViewController.swift */; };
		2BFF0B5F23F662AC00B89026 /* Main.storyboard in Resources */ = {isa = PBXBuildFile; fileRef = 2BFF0B5D23F662AC00B89026 /* Main.storyboard */; };
		2BFF0B6123F662AD00B89026 /* Assets.xcassets in Resources */ = {isa = PBXBuildFile; fileRef = 2BFF0B6023F662AD00B89026 /* Assets.xcassets */; };
		2BFF0B6423F662AD00B89026 /* LaunchScreen.storyboard in Resources */ = {isa = PBXBuildFile; fileRef = 2BFF0B6223F662AD00B89026 /* LaunchScreen.storyboard */; };
		2BFF0B6C23F6631100B89026 /* SupportViewController.swift in Sources */ = {isa = PBXBuildFile; fileRef = 2BFF0B6B23F6631100B89026 /* SupportViewController.swift */; };
		5A5B98151826151E78593A79 /* Pods_gil_demo_app.framework in Frameworks */ = {isa = PBXBuildFile; fileRef = 068F22818E8931CB6528DE74 /* Pods_gil_demo_app.framework */; };
/* End PBXBuildFile section */

/* Begin PBXFileReference section */
		068F22818E8931CB6528DE74 /* Pods_gil_demo_app.framework */ = {isa = PBXFileReference; explicitFileType = wrapper.framework; includeInIndex = 0; path = Pods_gil_demo_app.framework; sourceTree = BUILT_PRODUCTS_DIR; };
		1F39012C63E7C16E5BD6D4DA /* Pods-gil-demo-app.release.xcconfig */ = {isa = PBXFileReference; includeInIndex = 1; lastKnownFileType = text.xcconfig; name = "Pods-gil-demo-app.release.xcconfig"; path = "Target Support Files/Pods-gil-demo-app/Pods-gil-demo-app.release.xcconfig"; sourceTree = "<group>"; };
		2B9406A324143AA000BE7E87 /* GoogleService-Info.plist */ = {isa = PBXFileReference; fileEncoding = 4; lastKnownFileType = text.plist.xml; path = "GoogleService-Info.plist"; sourceTree = "<group>"; };
		2BFF0B5223F662AC00B89026 /* gil-demo-app.app */ = {isa = PBXFileReference; explicitFileType = wrapper.application; includeInIndex = 0; path = "gil-demo-app.app"; sourceTree = BUILT_PRODUCTS_DIR; };
		2BFF0B5523F662AC00B89026 /* AppDelegate.swift */ = {isa = PBXFileReference; lastKnownFileType = sourcecode.swift; path = AppDelegate.swift; sourceTree = "<group>"; };
		2BFF0B5723F662AC00B89026 /* SceneDelegate.swift */ = {isa = PBXFileReference; lastKnownFileType = sourcecode.swift; path = SceneDelegate.swift; sourceTree = "<group>"; };
		2BFF0B5923F662AC00B89026 /* AccountViewController.swift */ = {isa = PBXFileReference; lastKnownFileType = sourcecode.swift; path = AccountViewController.swift; sourceTree = "<group>"; };
		2BFF0B5B23F662AC00B89026 /* ShopViewController.swift */ = {isa = PBXFileReference; lastKnownFileType = sourcecode.swift; path = ShopViewController.swift; sourceTree = "<group>"; };
		2BFF0B5E23F662AC00B89026 /* Base */ = {isa = PBXFileReference; lastKnownFileType = file.storyboard; name = Base; path = Base.lproj/Main.storyboard; sourceTree = "<group>"; };
		2BFF0B6023F662AD00B89026 /* Assets.xcassets */ = {isa = PBXFileReference; lastKnownFileType = folder.assetcatalog; path = Assets.xcassets; sourceTree = "<group>"; };
		2BFF0B6323F662AD00B89026 /* Base */ = {isa = PBXFileReference; lastKnownFileType = file.storyboard; name = Base; path = Base.lproj/LaunchScreen.storyboard; sourceTree = "<group>"; };
		2BFF0B6523F662AD00B89026 /* Info.plist */ = {isa = PBXFileReference; lastKnownFileType = text.plist.xml; path = Info.plist; sourceTree = "<group>"; };
		2BFF0B6B23F6631100B89026 /* SupportViewController.swift */ = {isa = PBXFileReference; lastKnownFileType = sourcecode.swift; path = SupportViewController.swift; sourceTree = "<group>"; };
		5CBDC710AED0F8972D23CF6A /* Pods-gil-demo-app.debug.xcconfig */ = {isa = PBXFileReference; includeInIndex = 1; lastKnownFileType = text.xcconfig; name = "Pods-gil-demo-app.debug.xcconfig"; path = "Target Support Files/Pods-gil-demo-app/Pods-gil-demo-app.debug.xcconfig"; sourceTree = "<group>"; };
/* End PBXFileReference section */

/* Begin PBXFrameworksBuildPhase section */
		2BFF0B4F23F662AC00B89026 /* Frameworks */ = {
			isa = PBXFrameworksBuildPhase;
			buildActionMask = 2147483647;
			files = (
				5A5B98151826151E78593A79 /* Pods_gil_demo_app.framework in Frameworks */,
			);
			runOnlyForDeploymentPostprocessing = 0;
		};
/* End PBXFrameworksBuildPhase section */

/* Begin PBXGroup section */
		0349CA421B4DE395454BACAE /* Frameworks */ = {
			isa = PBXGroup;
			children = (
				068F22818E8931CB6528DE74 /* Pods_gil_demo_app.framework */,
			);
			name = Frameworks;
			sourceTree = "<group>";
		};
		2BFF0B4923F662AC00B89026 = {
			isa = PBXGroup;
			children = (
				2BFF0B5423F662AC00B89026 /* gil-demo-app */,
				2BFF0B5323F662AC00B89026 /* Products */,
				CF5590685CA827D6B4210EEF /* Pods */,
				0349CA421B4DE395454BACAE /* Frameworks */,
			);
			sourceTree = "<group>";
		};
		2BFF0B5323F662AC00B89026 /* Products */ = {
			isa = PBXGroup;
			children = (
				2BFF0B5223F662AC00B89026 /* gil-demo-app.app */,
			);
			name = Products;
			sourceTree = "<group>";
		};
		2BFF0B5423F662AC00B89026 /* gil-demo-app */ = {
			isa = PBXGroup;
			children = (
				2BFF0B5523F662AC00B89026 /* AppDelegate.swift */,
				2BFF0B5723F662AC00B89026 /* SceneDelegate.swift */,
				2BFF0B5923F662AC00B89026 /* AccountViewController.swift */,
				2BFF0B5B23F662AC00B89026 /* ShopViewController.swift */,
				2BFF0B6B23F6631100B89026 /* SupportViewController.swift */,
				2BFF0B5D23F662AC00B89026 /* Main.storyboard */,
				2BFF0B6023F662AD00B89026 /* Assets.xcassets */,
				2BFF0B6223F662AD00B89026 /* LaunchScreen.storyboard */,
				2BFF0B6523F662AD00B89026 /* Info.plist */,
				2B9406A324143AA000BE7E87 /* GoogleService-Info.plist */,
			);
			path = "gil-demo-app";
			sourceTree = "<group>";
		};
		CF5590685CA827D6B4210EEF /* Pods */ = {
			isa = PBXGroup;
			children = (
				5CBDC710AED0F8972D23CF6A /* Pods-gil-demo-app.debug.xcconfig */,
				1F39012C63E7C16E5BD6D4DA /* Pods-gil-demo-app.release.xcconfig */,
			);
			path = Pods;
			sourceTree = "<group>";
		};
/* End PBXGroup section */

/* Begin PBXNativeTarget section */
		2BFF0B5123F662AC00B89026 /* gil-demo-app */ = {
			isa = PBXNativeTarget;
			buildConfigurationList = 2BFF0B6823F662AD00B89026 /* Build configuration list for PBXNativeTarget "gil-demo-app" */;
			buildPhases = (
				308D53D9792ED9E116F2A8A7 /* [CP] Check Pods Manifest.lock */,
				2BFF0B4E23F662AC00B89026 /* Sources */,
				2BFF0B4F23F662AC00B89026 /* Frameworks */,
				2BFF0B5023F662AC00B89026 /* Resources */,
				D8DD9F902699AC1720D8F330 /* [CP] Embed Pods Frameworks */,
				2BD96C922408EA2D007BC551 /* ShellScript */,
				2A1ECB684917B741ABA794A1 /* [CP] Copy Pods Resources */,
			);
			buildRules = (
			);
			dependencies = (
			);
			name = "gil-demo-app";
			productName = "gil-demo-app";
			productReference = 2BFF0B5223F662AC00B89026 /* gil-demo-app.app */;
			productType = "com.apple.product-type.application";
		};
/* End PBXNativeTarget section */

/* Begin PBXProject section */
		2BFF0B4A23F662AC00B89026 /* Project object */ = {
			isa = PBXProject;
			attributes = {
				LastSwiftUpdateCheck = 1130;
				LastUpgradeCheck = 1130;
				ORGANIZATIONNAME = "Gilbert Jimenez";
				TargetAttributes = {
					2BFF0B5123F662AC00B89026 = {
						CreatedOnToolsVersion = 11.3.1;
					};
				};
			};
			buildConfigurationList = 2BFF0B4D23F662AC00B89026 /* Build configuration list for PBXProject "gil-demo-app" */;
			compatibilityVersion = "Xcode 11.0";
			developmentRegion = en;
			hasScannedForEncodings = 0;
			knownRegions = (
				en,
				Base,
			);
			mainGroup = 2BFF0B4923F662AC00B89026;
			productRefGroup = 2BFF0B5323F662AC00B89026 /* Products */;
			projectDirPath = "";
			projectRoot = "";
			targets = (
				2BFF0B5123F662AC00B89026 /* gil-demo-app */,
			);
		};
/* End PBXProject section */

/* Begin PBXResourcesBuildPhase section */
		2BFF0B5023F662AC00B89026 /* Resources */ = {
			isa = PBXResourcesBuildPhase;
			buildActionMask = 2147483647;
			files = (
				2BFF0B6423F662AD00B89026 /* LaunchScreen.storyboard in Resources */,
				2B9406A424143AA000BE7E87 /* GoogleService-Info.plist in Resources */,
				2BFF0B6123F662AD00B89026 /* Assets.xcassets in Resources */,
				2BFF0B5F23F662AC00B89026 /* Main.storyboard in Resources */,
			);
			runOnlyForDeploymentPostprocessing = 0;
		};
/* End PBXResourcesBuildPhase section */

/* Begin PBXShellScriptBuildPhase section */
		2A1ECB684917B741ABA794A1 /* [CP] Copy Pods Resources */ = {
			isa = PBXShellScriptBuildPhase;
			buildActionMask = 2147483647;
			files = (
			);
			inputFileListPaths = (
				"${PODS_ROOT}/Target Support Files/Pods-gil-demo-app/Pods-gil-demo-app-resources-${CONFIGURATION}-input-files.xcfilelist",
			);
			name = "[CP] Copy Pods Resources";
			outputFileListPaths = (
				"${PODS_ROOT}/Target Support Files/Pods-gil-demo-app/Pods-gil-demo-app-resources-${CONFIGURATION}-output-files.xcfilelist",
			);
			runOnlyForDeploymentPostprocessing = 0;
			shellPath = /bin/sh;
			shellScript = "\"${PODS_ROOT}/Target Support Files/Pods-gil-demo-app/Pods-gil-demo-app-resources.sh\"\n";
			showEnvVarsInLog = 0;
		};
		2BD96C922408EA2D007BC551 /* ShellScript */ = {
			isa = PBXShellScriptBuildPhase;
			buildActionMask = 2147483647;
			files = (
			);
			inputFileListPaths = (
			);
			inputPaths = (
				"$(SRCROOT)/$(BUILT_PRODUCTS_DIR)/$(INFOPLIST_PATH)",
				"${DWARF_DSYM_FOLDER_PATH}/${DWARF_DSYM_FILE_NAME}/Contents/Resources/DWARF/${TARGET_NAME}",
			);
			outputFileListPaths = (
			);
			outputPaths = (
			);
			runOnlyForDeploymentPostprocessing = 0;
			shellPath = /bin/sh;
			shellScript = "# Type a script or drag a script file from your workspace to insert its path.\n\"${PODS_ROOT}/FirebaseCrashlytics/run\"\n";
		};
		308D53D9792ED9E116F2A8A7 /* [CP] Check Pods Manifest.lock */ = {
			isa = PBXShellScriptBuildPhase;
			buildActionMask = 2147483647;
			files = (
			);
			inputFileListPaths = (
			);
			inputPaths = (
				"${PODS_PODFILE_DIR_PATH}/Podfile.lock",
				"${PODS_ROOT}/Manifest.lock",
			);
			name = "[CP] Check Pods Manifest.lock";
			outputFileListPaths = (
			);
			outputPaths = (
				"$(DERIVED_FILE_DIR)/Pods-gil-demo-app-checkManifestLockResult.txt",
			);
			runOnlyForDeploymentPostprocessing = 0;
			shellPath = /bin/sh;
			shellScript = "diff \"${PODS_PODFILE_DIR_PATH}/Podfile.lock\" \"${PODS_ROOT}/Manifest.lock\" > /dev/null\nif [ $? != 0 ] ; then\n    # print error to STDERR\n    echo \"error: The sandbox is not in sync with the Podfile.lock. Run 'pod install' or update your CocoaPods installation.\" >&2\n    exit 1\nfi\n# This output is used by Xcode 'outputs' to avoid re-running this script phase.\necho \"SUCCESS\" > \"${SCRIPT_OUTPUT_FILE_0}\"\n";
			showEnvVarsInLog = 0;
		};
		D8DD9F902699AC1720D8F330 /* [CP] Embed Pods Frameworks */ = {
			isa = PBXShellScriptBuildPhase;
			buildActionMask = 2147483647;
			files = (
			);
			inputFileListPaths = (
				"${PODS_ROOT}/Target Support Files/Pods-gil-demo-app/Pods-gil-demo-app-frameworks-${CONFIGURATION}-input-files.xcfilelist",
			);
			name = "[CP] Embed Pods Frameworks";
			outputFileListPaths = (
				"${PODS_ROOT}/Target Support Files/Pods-gil-demo-app/Pods-gil-demo-app-frameworks-${CONFIGURATION}-output-files.xcfilelist",
			);
			runOnlyForDeploymentPostprocessing = 0;
			shellPath = /bin/sh;
			shellScript = "\"${PODS_ROOT}/Target Support Files/Pods-gil-demo-app/Pods-gil-demo-app-frameworks.sh\"\n";
			showEnvVarsInLog = 0;
		};
/* End PBXShellScriptBuildPhase section */

/* Begin PBXSourcesBuildPhase section */
		2BFF0B4E23F662AC00B89026 /* Sources */ = {
			isa = PBXSourcesBuildPhase;
			buildActionMask = 2147483647;
			files = (
				2BFF0B5C23F662AC00B89026 /* ShopViewController.swift in Sources */,
				2BFF0B5A23F662AC00B89026 /* AccountViewController.swift in Sources */,
				2BFF0B5623F662AC00B89026 /* AppDelegate.swift in Sources */,
				2BFF0B6C23F6631100B89026 /* SupportViewController.swift in Sources */,
				2BFF0B5823F662AC00B89026 /* SceneDelegate.swift in Sources */,
			);
			runOnlyForDeploymentPostprocessing = 0;
		};
/* End PBXSourcesBuildPhase section */

/* Begin PBXVariantGroup section */
		2BFF0B5D23F662AC00B89026 /* Main.storyboard */ = {
			isa = PBXVariantGroup;
			children = (
				2BFF0B5E23F662AC00B89026 /* Base */,
			);
			name = Main.storyboard;
			sourceTree = "<group>";
		};
		2BFF0B6223F662AD00B89026 /* LaunchScreen.storyboard */ = {
			isa = PBXVariantGroup;
			children = (
				2BFF0B6323F662AD00B89026 /* Base */,
			);
			name = LaunchScreen.storyboard;
			sourceTree = "<group>";
		};
/* End PBXVariantGroup section */

/* Begin XCBuildConfiguration section */
		2BFF0B6623F662AD00B89026 /* Debug */ = {
			isa = XCBuildConfiguration;
			buildSettings = {
				ALWAYS_SEARCH_USER_PATHS = NO;
				CLANG_ANALYZER_NONNULL = YES;
				CLANG_ANALYZER_NUMBER_OBJECT_CONVERSION = YES_AGGRESSIVE;
				CLANG_CXX_LANGUAGE_STANDARD = "gnu++14";
				CLANG_CXX_LIBRARY = "libc++";
				CLANG_ENABLE_MODULES = YES;
				CLANG_ENABLE_OBJC_ARC = YES;
				CLANG_ENABLE_OBJC_WEAK = YES;
				CLANG_WARN_BLOCK_CAPTURE_AUTORELEASING = YES;
				CLANG_WARN_BOOL_CONVERSION = YES;
				CLANG_WARN_COMMA = YES;
				CLANG_WARN_CONSTANT_CONVERSION = YES;
				CLANG_WARN_DEPRECATED_OBJC_IMPLEMENTATIONS = YES;
				CLANG_WARN_DIRECT_OBJC_ISA_USAGE = YES_ERROR;
				CLANG_WARN_DOCUMENTATION_COMMENTS = YES;
				CLANG_WARN_EMPTY_BODY = YES;
				CLANG_WARN_ENUM_CONVERSION = YES;
				CLANG_WARN_INFINITE_RECURSION = YES;
				CLANG_WARN_INT_CONVERSION = YES;
				CLANG_WARN_NON_LITERAL_NULL_CONVERSION = YES;
				CLANG_WARN_OBJC_IMPLICIT_RETAIN_SELF = YES;
				CLANG_WARN_OBJC_LITERAL_CONVERSION = YES;
				CLANG_WARN_OBJC_ROOT_CLASS = YES_ERROR;
				CLANG_WARN_RANGE_LOOP_ANALYSIS = YES;
				CLANG_WARN_STRICT_PROTOTYPES = YES;
				CLANG_WARN_SUSPICIOUS_MOVE = YES;
				CLANG_WARN_UNGUARDED_AVAILABILITY = YES_AGGRESSIVE;
				CLANG_WARN_UNREACHABLE_CODE = YES;
				CLANG_WARN__DUPLICATE_METHOD_MATCH = YES;
				COPY_PHASE_STRIP = NO;
				DEBUG_INFORMATION_FORMAT = dwarf;
				ENABLE_STRICT_OBJC_MSGSEND = YES;
				ENABLE_TESTABILITY = YES;
				GCC_C_LANGUAGE_STANDARD = gnu11;
				GCC_DYNAMIC_NO_PIC = NO;
				GCC_NO_COMMON_BLOCKS = YES;
				GCC_OPTIMIZATION_LEVEL = 0;
				GCC_PREPROCESSOR_DEFINITIONS = (
					"DEBUG=1",
					"$(inherited)",
				);
				GCC_WARN_64_TO_32_BIT_CONVERSION = YES;
				GCC_WARN_ABOUT_RETURN_TYPE = YES_ERROR;
				GCC_WARN_UNDECLARED_SELECTOR = YES;
				GCC_WARN_UNINITIALIZED_AUTOS = YES_AGGRESSIVE;
				GCC_WARN_UNUSED_FUNCTION = YES;
				GCC_WARN_UNUSED_VARIABLE = YES;
				IPHONEOS_DEPLOYMENT_TARGET = 13.2;
				MTL_ENABLE_DEBUG_INFO = INCLUDE_SOURCE;
				MTL_FAST_MATH = YES;
				ONLY_ACTIVE_ARCH = YES;
				SDKROOT = iphoneos;
				SWIFT_ACTIVE_COMPILATION_CONDITIONS = DEBUG;
				SWIFT_OPTIMIZATION_LEVEL = "-Onone";
			};
			name = Debug;
		};
		2BFF0B6723F662AD00B89026 /* Release */ = {
			isa = XCBuildConfiguration;
			buildSettings = {
				ALWAYS_SEARCH_USER_PATHS = NO;
				CLANG_ANALYZER_NONNULL = YES;
				CLANG_ANALYZER_NUMBER_OBJECT_CONVERSION = YES_AGGRESSIVE;
				CLANG_CXX_LANGUAGE_STANDARD = "gnu++14";
				CLANG_CXX_LIBRARY = "libc++";
				CLANG_ENABLE_MODULES = YES;
				CLANG_ENABLE_OBJC_ARC = YES;
				CLANG_ENABLE_OBJC_WEAK = YES;
				CLANG_WARN_BLOCK_CAPTURE_AUTORELEASING = YES;
				CLANG_WARN_BOOL_CONVERSION = YES;
				CLANG_WARN_COMMA = YES;
				CLANG_WARN_CONSTANT_CONVERSION = YES;
				CLANG_WARN_DEPRECATED_OBJC_IMPLEMENTATIONS = YES;
				CLANG_WARN_DIRECT_OBJC_ISA_USAGE = YES_ERROR;
				CLANG_WARN_DOCUMENTATION_COMMENTS = YES;
				CLANG_WARN_EMPTY_BODY = YES;
				CLANG_WARN_ENUM_CONVERSION = YES;
				CLANG_WARN_INFINITE_RECURSION = YES;
				CLANG_WARN_INT_CONVERSION = YES;
				CLANG_WARN_NON_LITERAL_NULL_CONVERSION = YES;
				CLANG_WARN_OBJC_IMPLICIT_RETAIN_SELF = YES;
				CLANG_WARN_OBJC_LITERAL_CONVERSION = YES;
				CLANG_WARN_OBJC_ROOT_CLASS = YES_ERROR;
				CLANG_WARN_RANGE_LOOP_ANALYSIS = YES;
				CLANG_WARN_STRICT_PROTOTYPES = YES;
				CLANG_WARN_SUSPICIOUS_MOVE = YES;
				CLANG_WARN_UNGUARDED_AVAILABILITY = YES_AGGRESSIVE;
				CLANG_WARN_UNREACHABLE_CODE = YES;
				CLANG_WARN__DUPLICATE_METHOD_MATCH = YES;
				COPY_PHASE_STRIP = NO;
				DEBUG_INFORMATION_FORMAT = "dwarf-with-dsym";
				ENABLE_NS_ASSERTIONS = NO;
				ENABLE_STRICT_OBJC_MSGSEND = YES;
				GCC_C_LANGUAGE_STANDARD = gnu11;
				GCC_NO_COMMON_BLOCKS = YES;
				GCC_WARN_64_TO_32_BIT_CONVERSION = YES;
				GCC_WARN_ABOUT_RETURN_TYPE = YES_ERROR;
				GCC_WARN_UNDECLARED_SELECTOR = YES;
				GCC_WARN_UNINITIALIZED_AUTOS = YES_AGGRESSIVE;
				GCC_WARN_UNUSED_FUNCTION = YES;
				GCC_WARN_UNUSED_VARIABLE = YES;
				IPHONEOS_DEPLOYMENT_TARGET = 13.2;
				MTL_ENABLE_DEBUG_INFO = NO;
				MTL_FAST_MATH = YES;
				SDKROOT = iphoneos;
				SWIFT_COMPILATION_MODE = wholemodule;
				SWIFT_OPTIMIZATION_LEVEL = "-O";
				VALIDATE_PRODUCT = YES;
			};
			name = Release;
		};
		2BFF0B6923F662AD00B89026 /* Debug */ = {
			isa = XCBuildConfiguration;
			baseConfigurationReference = 5CBDC710AED0F8972D23CF6A /* Pods-gil-demo-app.debug.xcconfig */;
			buildSettings = {
				ASSETCATALOG_COMPILER_APPICON_NAME = AppIcon;
				CODE_SIGN_STYLE = Automatic;
				DEVELOPMENT_TEAM = H9CAT49V38;
				INFOPLIST_FILE = "gil-demo-app/Info.plist";
				LD_RUNPATH_SEARCH_PATHS = (
					"$(inherited)",
					"@executable_path/Frameworks",
				);
				PRODUCT_BUNDLE_IDENTIFIER = com.giljimenez.demo;
				PRODUCT_NAME = "$(TARGET_NAME)";
				SWIFT_VERSION = 5.0;
				TARGETED_DEVICE_FAMILY = 1;
			};
			name = Debug;
		};
		2BFF0B6A23F662AD00B89026 /* Release */ = {
			isa = XCBuildConfiguration;
			baseConfigurationReference = 1F39012C63E7C16E5BD6D4DA /* Pods-gil-demo-app.release.xcconfig */;
			buildSettings = {
				ASSETCATALOG_COMPILER_APPICON_NAME = AppIcon;
				CODE_SIGN_STYLE = Automatic;
				DEVELOPMENT_TEAM = H9CAT49V38;
				INFOPLIST_FILE = "gil-demo-app/Info.plist";
				LD_RUNPATH_SEARCH_PATHS = (
					"$(inherited)",
					"@executable_path/Frameworks",
				);
				PRODUCT_BUNDLE_IDENTIFIER = com.giljimenez.demo;
				PRODUCT_NAME = "$(TARGET_NAME)";
				SWIFT_VERSION = 5.0;
				TARGETED_DEVICE_FAMILY = 1;
			};
			name = Release;
		};
/* End XCBuildConfiguration section */

/* Begin XCConfigurationList section */
		2BFF0B4D23F662AC00B89026 /* Build configuration list for PBXProject "gil-demo-app" */ = {
			isa = XCConfigurationList;
			buildConfigurations = (
				2BFF0B6623F662AD00B89026 /* Debug */,
				2BFF0B6723F662AD00B89026 /* Release */,
			);
			defaultConfigurationIsVisible = 0;
			defaultConfigurationName = Release;
		};
		2BFF0B6823F662AD00B89026 /* Build configuration list for PBXNativeTarget "gil-demo-app" */ = {
			isa = XCConfigurationList;
			buildConfigurations = (
				2BFF0B6923F662AD00B89026 /* Debug */,
				2BFF0B6A23F662AD00B89026 /* Release */,
			);
			defaultConfigurationIsVisible = 0;
			defaultConfigurationName = Release;
		};
/* End XCConfigurationList section */
	};
	rootObject = 2BFF0B4A23F662AC00B89026 /* Project object */;
}
